
Microsoft Visual Studio Solution File, Format Version 12.00
# Visual Studio 15
VisualStudioVersion = 15.0.27703.2042
MinimumVisualStudioVersion = 10.0.40219.1
Project("{FAE04EC0-301F-11D3-BF4B-00C04F79EFBC}") = "Grabber.Lib", "Grabber.Lib\Grabber.Lib.csproj", "{3283E46A-801E-437B-B591-3E4B9D896583}"
EndProject
Project("{FAE04EC0-301F-11D3-BF4B-00C04F79EFBC}") = "EchoGrabber.GUI.WPF", "EchoGrabber.GUI.WPF\EchoGrabber.GUI.WPF.csproj", "{7C46AE9D-2C2F-47A6-B43F-B2101CD191FA}"
EndProject
Project("{FAE04EC0-301F-11D3-BF4B-00C04F79EFBC}") = "EchoGrabber.Db", "EchoGrabber.Db\EchoGrabber.Db.csproj", "{3B0B63C5-A3FE-4545-AE18-7351C995B79F}"
EndProject
Project("{2150E333-8FDC-42A3-9474-1A3956D46DE8}") = "Tests", "Tests", "{A2C416E9-EA39-47B0-8069-68B9DD3D5D86}"
EndProject
Project("{FAE04EC0-301F-11D3-BF4B-00C04F79EFBC}") = "EchoGrabber.Db.Tests", "EchoGrabber.DbTests\EchoGrabber.Db.Tests.csproj", "{B5D86FC5-8930-41EB-8DAD-A193572F048A}"
EndProject
Global
	GlobalSection(SolutionConfigurationPlatforms) = preSolution
		Debug|Any CPU = Debug|Any CPU
		Release|Any CPU = Release|Any CPU
	EndGlobalSection
	GlobalSection(ProjectConfigurationPlatforms) = postSolution
		{3283E46A-801E-437B-B591-3E4B9D896583}.Debug|Any CPU.ActiveCfg = Debug|Any CPU
		{3283E46A-801E-437B-B591-3E4B9D896583}.Debug|Any CPU.Build.0 = Debug|Any CPU
		{3283E46A-801E-437B-B591-3E4B9D896583}.Release|Any CPU.ActiveCfg = Release|Any CPU
		{3283E46A-801E-437B-B591-3E4B9D896583}.Release|Any CPU.Build.0 = Release|Any CPU
		{7C46AE9D-2C2F-47A6-B43F-B2101CD191FA}.Debug|Any CPU.ActiveCfg = Debug|Any CPU
		{7C46AE9D-2C2F-47A6-B43F-B2101CD191FA}.Debug|Any CPU.Build.0 = Debug|Any CPU
		{7C46AE9D-2C2F-47A6-B43F-B2101CD191FA}.Release|Any CPU.ActiveCfg = Release|Any CPU
		{7C46AE9D-2C2F-47A6-B43F-B2101CD191FA}.Release|Any CPU.Build.0 = Release|Any CPU
		{3B0B63C5-A3FE-4545-AE18-7351C995B79F}.Debug|Any CPU.ActiveCfg = Debug|Any CPU
		{3B0B63C5-A3FE-4545-AE18-7351C995B79F}.Debug|Any CPU.Build.0 = Debug|Any CPU
		{3B0B63C5-A3FE-4545-AE18-7351C995B79F}.Release|Any CPU.ActiveCfg = Release|Any CPU
		{3B0B63C5-A3FE-4545-AE18-7351C995B79F}.Release|Any CPU.Build.0 = Release|Any CPU
		{B5D86FC5-8930-41EB-8DAD-A193572F048A}.Debug|Any CPU.ActiveCfg = Debug|Any CPU
		{B5D86FC5-8930-41EB-8DAD-A193572F048A}.Debug|Any CPU.Build.0 = Debug|Any CPU
		{B5D86FC5-8930-41EB-8DAD-A193572F048A}.Release|Any CPU.ActiveCfg = Release|Any CPU
		{B5D86FC5-8930-41EB-8DAD-A193572F048A}.Release|Any CPU.Build.0 = Release|Any CPU
	EndGlobalSection
	GlobalSection(SolutionProperties) = preSolution
		HideSolutionNode = FALSE
	EndGlobalSection
	GlobalSection(NestedProjects) = preSolution
		{B5D86FC5-8930-41EB-8DAD-A193572F048A} = {A2C416E9-EA39-47B0-8069-68B9DD3D5D86}
	EndGlobalSection
	GlobalSection(ExtensibilityGlobals) = postSolution
		SolutionGuid = {986979B8-A879-4CA5-8E4D-6081A50E2BD3}
	EndGlobalSection
EndGlobal
